
Microsoft Visual Studio Solution File, Format Version 12.00
# Visual Studio 14
VisualStudioVersion = 14.0.24720.0
MinimumVisualStudioVersion = 10.0.40219.1
Project("{8BC9CEB8-8B4A-11D0-8D11-00A0C91BC942}") = "NetworkCommon", "Project\NetworkCommon\NetworkCommon.vcxproj", "{A7C75E85-0BE0-456E-857D-D888876719AF}"
EndProject
Project("{8BC9CEB8-8B4A-11D0-8D11-00A0C91BC942}") = "NetworkModule", "Project\NetworkModule\NetworkModule.vcxproj", "{C0E8BDB8-DEA3-440C-876F-4C9A96931183}"
	ProjectSection(ProjectDependencies) = postProject
		{A7C75E85-0BE0-456E-857D-D888876719AF} = {A7C75E85-0BE0-456E-857D-D888876719AF}
	EndProjectSection
EndProject
Project("{2150E333-8FDC-42A3-9474-1A3956D46DE8}") = "Sample", "Sample", "{27E14153-544E-4892-9632-CC6CEEB8A08E}"
EndProject
Project("{8BC9CEB8-8B4A-11D0-8D11-00A0C91BC942}") = "GameServerSample", "Sample\GameServerSample\GameServerSample.vcxproj", "{E8BF2A95-8488-4EE0-B50D-C18D4411192F}"
	ProjectSection(ProjectDependencies) = postProject
		{A7C75E85-0BE0-456E-857D-D888876719AF} = {A7C75E85-0BE0-456E-857D-D888876719AF}
		{C0E8BDB8-DEA3-440C-876F-4C9A96931183} = {C0E8BDB8-DEA3-440C-876F-4C9A96931183}
	EndProjectSection
EndProject
Global
	GlobalSection(SolutionConfigurationPlatforms) = preSolution
		Debug|x64 = Debug|x64
		Debug|x86 = Debug|x86
		Release|x64 = Release|x64
		Release|x86 = Release|x86
	EndGlobalSection
	GlobalSection(ProjectConfigurationPlatforms) = postSolution
		{A7C75E85-0BE0-456E-857D-D888876719AF}.Debug|x64.ActiveCfg = Debug|x64
		{A7C75E85-0BE0-456E-857D-D888876719AF}.Debug|x64.Build.0 = Debug|x64
		{A7C75E85-0BE0-456E-857D-D888876719AF}.Debug|x86.ActiveCfg = Debug|Win32
		{A7C75E85-0BE0-456E-857D-D888876719AF}.Debug|x86.Build.0 = Debug|Win32
		{A7C75E85-0BE0-456E-857D-D888876719AF}.Release|x64.ActiveCfg = Release|x64
		{A7C75E85-0BE0-456E-857D-D888876719AF}.Release|x64.Build.0 = Release|x64
		{A7C75E85-0BE0-456E-857D-D888876719AF}.Release|x86.ActiveCfg = Release|Win32
		{A7C75E85-0BE0-456E-857D-D888876719AF}.Release|x86.Build.0 = Release|Win32
		{C0E8BDB8-DEA3-440C-876F-4C9A96931183}.Debug|x64.ActiveCfg = Debug|x64
		{C0E8BDB8-DEA3-440C-876F-4C9A96931183}.Debug|x64.Build.0 = Debug|x64
		{C0E8BDB8-DEA3-440C-876F-4C9A96931183}.Debug|x86.ActiveCfg = Debug|Win32
		{C0E8BDB8-DEA3-440C-876F-4C9A96931183}.Debug|x86.Build.0 = Debug|Win32
		{C0E8BDB8-DEA3-440C-876F-4C9A96931183}.Release|x64.ActiveCfg = Release|x64
		{C0E8BDB8-DEA3-440C-876F-4C9A96931183}.Release|x64.Build.0 = Release|x64
		{C0E8BDB8-DEA3-440C-876F-4C9A96931183}.Release|x86.ActiveCfg = Release|Win32
		{C0E8BDB8-DEA3-440C-876F-4C9A96931183}.Release|x86.Build.0 = Release|Win32
		{E8BF2A95-8488-4EE0-B50D-C18D4411192F}.Debug|x64.ActiveCfg = Debug|x64
		{E8BF2A95-8488-4EE0-B50D-C18D4411192F}.Debug|x64.Build.0 = Debug|x64
		{E8BF2A95-8488-4EE0-B50D-C18D4411192F}.Debug|x86.ActiveCfg = Debug|Win32
		{E8BF2A95-8488-4EE0-B50D-C18D4411192F}.Debug|x86.Build.0 = Debug|Win32
		{E8BF2A95-8488-4EE0-B50D-C18D4411192F}.Release|x64.ActiveCfg = Release|x64
		{E8BF2A95-8488-4EE0-B50D-C18D4411192F}.Release|x64.Build.0 = Release|x64
		{E8BF2A95-8488-4EE0-B50D-C18D4411192F}.Release|x86.ActiveCfg = Release|Win32
		{E8BF2A95-8488-4EE0-B50D-C18D4411192F}.Release|x86.Build.0 = Release|Win32
	EndGlobalSection
	GlobalSection(SolutionProperties) = preSolution
		HideSolutionNode = FALSE
	EndGlobalSection
	GlobalSection(NestedProjects) = preSolution
		{E8BF2A95-8488-4EE0-B50D-C18D4411192F} = {27E14153-544E-4892-9632-CC6CEEB8A08E}
	EndGlobalSection
EndGlobal
